
Microsoft Visual Studio Solution File, Format Version 12.00
# Visual Studio Version 16
VisualStudioVersion = 16.0.35325.158
MinimumVisualStudioVersion = 10.0.40219.1
Project("{FAE04EC0-301F-11D3-BF4B-00C04F79EFBC}") = "testEnterprise2019", "testEnterprise2019.csproj", "{A0B0E51A-A692-4CA4-8A2E-196500EF162E}"
EndProject
Global
	GlobalSection(SolutionConfigurationPlatforms) = preSolution
		Debug|Any CPU = Debug|Any CPU
		Release|Any CPU = Release|Any CPU
	EndGlobalSection
	GlobalSection(ProjectConfigurationPlatforms) = postSolution
		{A0B0E51A-A692-4CA4-8A2E-196500EF162E}.Debug|Any CPU.ActiveCfg = Debug|Any CPU
		{A0B0E51A-A692-4CA4-8A2E-196500EF162E}.Debug|Any CPU.Build.0 = Debug|Any CPU
		{A0B0E51A-A692-4CA4-8A2E-196500EF162E}.Release|Any CPU.ActiveCfg = Release|Any CPU
		{A0B0E51A-A692-4CA4-8A2E-196500EF162E}.Release|Any CPU.Build.0 = Release|Any CPU
	EndGlobalSection
	GlobalSection(SolutionProperties) = preSolution
		HideSolutionNode = FALSE
	EndGlobalSection
	GlobalSection(ExtensibilityGlobals) = postSolution
		SolutionGuid = {FF28794C-58ED-4A03-AEDE-BAD744D1FDE3}
	EndGlobalSection
EndGlobal
